
Microsoft Visual Studio Solution File, Format Version 12.00
# Visual Studio Version 16
VisualStudioVersion = 16.0.29020.237
MinimumVisualStudioVersion = 10.0.40219.1
Project("{FAE04EC0-301F-11D3-BF4B-00C04F79EFBC}") = "AuthWithTokenServer", "AuthWithTokenServer\AuthWithTokenServer.csproj", "{D84F7115-7BD6-475A-A074-FC6D5B50355D}"
EndProject
Project("{FAE04EC0-301F-11D3-BF4B-00C04F79EFBC}") = "AuthWithTokenClient", "AuthWithTokenClient\AuthWithTokenClient.csproj", "{7332ED53-901D-41AB-A16A-2EC8FEFD75D8}"
EndProject
Global
	GlobalSection(SolutionConfigurationPlatforms) = preSolution
		Debug|Any CPU = Debug|Any CPU
		Release|Any CPU = Release|Any CPU
	EndGlobalSection
	GlobalSection(ProjectConfigurationPlatforms) = postSolution
		{D84F7115-7BD6-475A-A074-FC6D5B50355D}.Debug|Any CPU.ActiveCfg = Debug|Any CPU
		{D84F7115-7BD6-475A-A074-FC6D5B50355D}.Debug|Any CPU.Build.0 = Debug|Any CPU
		{D84F7115-7BD6-475A-A074-FC6D5B50355D}.Release|Any CPU.ActiveCfg = Release|Any CPU
		{D84F7115-7BD6-475A-A074-FC6D5B50355D}.Release|Any CPU.Build.0 = Release|Any CPU
		{7332ED53-901D-41AB-A16A-2EC8FEFD75D8}.Debug|Any CPU.ActiveCfg = Debug|Any CPU
		{7332ED53-901D-41AB-A16A-2EC8FEFD75D8}.Debug|Any CPU.Build.0 = Debug|Any CPU
		{7332ED53-901D-41AB-A16A-2EC8FEFD75D8}.Release|Any CPU.ActiveCfg = Release|Any CPU
		{7332ED53-901D-41AB-A16A-2EC8FEFD75D8}.Release|Any CPU.Build.0 = Release|Any CPU
	EndGlobalSection
	GlobalSection(SolutionProperties) = preSolution
		HideSolutionNode = FALSE
	EndGlobalSection
	GlobalSection(ExtensibilityGlobals) = postSolution
		SolutionGuid = {0E59A12A-3D56-48CC-961B-3E4C9C7020F0}
	EndGlobalSection
EndGlobal
